# This file is automatically @generated by Cargo.
# It is not intended for manual editing.
version = 4

[[package]]
name = "sable-ast"
version = "0.1.0"

[[package]]
name = "sable-common"
version = "0.1.0"

[[package]]
name = "sable-parser"
version = "0.1.0"
dependencies = [
 "sable-common",
]

[[package]]
name = "sable-report"
version = "0.1.0"
dependencies = [
 "sable-common",
]

[[package]]
name = "sablec"
version = "0.1.0"
dependencies = [
 "sable-ast",
 "sable-common",
 "sable-parser",
 "sable-report",
]
